
Microsoft Visual Studio Solution File, Format Version 12.00
# Visual Studio 2013
VisualStudioVersion = 12.0.21005.1
MinimumVisualStudioVersion = 10.0.40219.1
Project("{9092AA53-FB77-4645-B42D-1CCCA6BD08BD}") = "Demo", "Demo.njsproj", "{06B8E239-ABCF-42B2-80B1-557E34EF0D1A}"
EndProject
Global
	GlobalSection(SolutionConfigurationPlatforms) = preSolution
		Debug|Any CPU = Debug|Any CPU
		Release|Any CPU = Release|Any CPU
	EndGlobalSection
	GlobalSection(ProjectConfigurationPlatforms) = postSolution
		{06B8E239-ABCF-42B2-80B1-557E34EF0D1A}.Debug|Any CPU.ActiveCfg = Debug|Any CPU
		{06B8E239-ABCF-42B2-80B1-557E34EF0D1A}.Debug|Any CPU.Build.0 = Debug|Any CPU
		{06B8E239-ABCF-42B2-80B1-557E34EF0D1A}.Release|Any CPU.ActiveCfg = Release|Any CPU
		{06B8E239-ABCF-42B2-80B1-557E34EF0D1A}.Release|Any CPU.Build.0 = Release|Any CPU
	EndGlobalSection
	GlobalSection(SolutionProperties) = preSolution
		HideSolutionNode = FALSE
	EndGlobalSection
EndGlobal
